
Microsoft Visual Studio Solution File, Format Version 12.00
# Visual Studio 14
VisualStudioVersion = 14.0.25123.0
MinimumVisualStudioVersion = 10.0.40219.1
Project("{FAE04EC0-301F-11D3-BF4B-00C04F79EFBC}") = "MSpecToXUnit", "MSpecToXUnit\MSpecToXUnit.csproj", "{3A985841-7A68-4008-AEE7-232881E64008}"
EndProject
Project("{FAE04EC0-301F-11D3-BF4B-00C04F79EFBC}") = "MSpecTests", "MSpecTests\MSpecTests.csproj", "{1CF0EF6D-3F77-4872-853F-1AFC33D66AA5}"
EndProject
Global
	GlobalSection(SolutionConfigurationPlatforms) = preSolution
		Debug|Any CPU = Debug|Any CPU
		Release|Any CPU = Release|Any CPU
	EndGlobalSection
	GlobalSection(ProjectConfigurationPlatforms) = postSolution
		{3A985841-7A68-4008-AEE7-232881E64008}.Debug|Any CPU.ActiveCfg = Debug|Any CPU
		{3A985841-7A68-4008-AEE7-232881E64008}.Debug|Any CPU.Build.0 = Debug|Any CPU
		{3A985841-7A68-4008-AEE7-232881E64008}.Release|Any CPU.ActiveCfg = Release|Any CPU
		{3A985841-7A68-4008-AEE7-232881E64008}.Release|Any CPU.Build.0 = Release|Any CPU
		{1CF0EF6D-3F77-4872-853F-1AFC33D66AA5}.Debug|Any CPU.ActiveCfg = Debug|Any CPU
		{1CF0EF6D-3F77-4872-853F-1AFC33D66AA5}.Debug|Any CPU.Build.0 = Debug|Any CPU
		{1CF0EF6D-3F77-4872-853F-1AFC33D66AA5}.Release|Any CPU.ActiveCfg = Release|Any CPU
		{1CF0EF6D-3F77-4872-853F-1AFC33D66AA5}.Release|Any CPU.Build.0 = Release|Any CPU
	EndGlobalSection
	GlobalSection(SolutionProperties) = preSolution
		HideSolutionNode = FALSE
	EndGlobalSection
EndGlobal
